
Microsoft Visual Studio Solution File, Format Version 12.00
# Visual Studio 15
VisualStudioVersion = 15.0.28307.705
MinimumVisualStudioVersion = 10.0.40219.1
Project("{FAE04EC0-301F-11D3-BF4B-00C04F79EFBC}") = "AcmIcpcTeam", "AcmIcpcTeam\AcmIcpcTeam.csproj", "{A99E4635-11FD-4A15-A0D1-CA02C5E147F8}"
EndProject
Global
	GlobalSection(SolutionConfigurationPlatforms) = preSolution
		Debug|Any CPU = Debug|Any CPU
		Release|Any CPU = Release|Any CPU
	EndGlobalSection
	GlobalSection(ProjectConfigurationPlatforms) = postSolution
		{A99E4635-11FD-4A15-A0D1-CA02C5E147F8}.Debug|Any CPU.ActiveCfg = Debug|Any CPU
		{A99E4635-11FD-4A15-A0D1-CA02C5E147F8}.Debug|Any CPU.Build.0 = Debug|Any CPU
		{A99E4635-11FD-4A15-A0D1-CA02C5E147F8}.Release|Any CPU.ActiveCfg = Release|Any CPU
		{A99E4635-11FD-4A15-A0D1-CA02C5E147F8}.Release|Any CPU.Build.0 = Release|Any CPU
	EndGlobalSection
	GlobalSection(SolutionProperties) = preSolution
		HideSolutionNode = FALSE
	EndGlobalSection
	GlobalSection(ExtensibilityGlobals) = postSolution
		SolutionGuid = {0412A408-EC8D-4BB4-BC1F-47C9EDAC78AB}
	EndGlobalSection
EndGlobal
