
Microsoft Visual Studio Solution File, Format Version 12.00
# Visual Studio 15
VisualStudioVersion = 15.0.28307.705
MinimumVisualStudioVersion = 10.0.40219.1
Project("{FAE04EC0-301F-11D3-BF4B-00C04F79EFBC}") = "JumpingOnTheCloudsRevisited", "JumpingOnTheCloudsRevisited\JumpingOnTheCloudsRevisited.csproj", "{5E054B08-8D7F-40D9-9F8F-E9BA018D507D}"
EndProject
Global
	GlobalSection(SolutionConfigurationPlatforms) = preSolution
		Debug|Any CPU = Debug|Any CPU
		Release|Any CPU = Release|Any CPU
	EndGlobalSection
	GlobalSection(ProjectConfigurationPlatforms) = postSolution
		{5E054B08-8D7F-40D9-9F8F-E9BA018D507D}.Debug|Any CPU.ActiveCfg = Debug|Any CPU
		{5E054B08-8D7F-40D9-9F8F-E9BA018D507D}.Debug|Any CPU.Build.0 = Debug|Any CPU
		{5E054B08-8D7F-40D9-9F8F-E9BA018D507D}.Release|Any CPU.ActiveCfg = Release|Any CPU
		{5E054B08-8D7F-40D9-9F8F-E9BA018D507D}.Release|Any CPU.Build.0 = Release|Any CPU
	EndGlobalSection
	GlobalSection(SolutionProperties) = preSolution
		HideSolutionNode = FALSE
	EndGlobalSection
	GlobalSection(ExtensibilityGlobals) = postSolution
		SolutionGuid = {208B1326-9E9B-4DE7-96B5-D5E17B2746D7}
	EndGlobalSection
EndGlobal
