
Microsoft Visual Studio Solution File, Format Version 12.00
# Visual Studio 15
VisualStudioVersion = 15.0.28307.705
MinimumVisualStudioVersion = 10.0.40219.1
Project("{FAE04EC0-301F-11D3-BF4B-00C04F79EFBC}") = "SherlockAndValidString", "SherlockAndValidString\SherlockAndValidString.csproj", "{E6EC0B57-E483-499A-8F38-3C61216D497A}"
EndProject
Global
	GlobalSection(SolutionConfigurationPlatforms) = preSolution
		Debug|Any CPU = Debug|Any CPU
		Release|Any CPU = Release|Any CPU
	EndGlobalSection
	GlobalSection(ProjectConfigurationPlatforms) = postSolution
		{E6EC0B57-E483-499A-8F38-3C61216D497A}.Debug|Any CPU.ActiveCfg = Debug|Any CPU
		{E6EC0B57-E483-499A-8F38-3C61216D497A}.Debug|Any CPU.Build.0 = Debug|Any CPU
		{E6EC0B57-E483-499A-8F38-3C61216D497A}.Release|Any CPU.ActiveCfg = Release|Any CPU
		{E6EC0B57-E483-499A-8F38-3C61216D497A}.Release|Any CPU.Build.0 = Release|Any CPU
	EndGlobalSection
	GlobalSection(SolutionProperties) = preSolution
		HideSolutionNode = FALSE
	EndGlobalSection
	GlobalSection(ExtensibilityGlobals) = postSolution
		SolutionGuid = {0CE58CC3-54FB-4855-AAAB-C846E0D56D90}
	EndGlobalSection
EndGlobal
