
Microsoft Visual Studio Solution File, Format Version 12.00
# Visual Studio 15
VisualStudioVersion = 15.0.28307.705
MinimumVisualStudioVersion = 10.0.40219.1
Project("{FAE04EC0-301F-11D3-BF4B-00C04F79EFBC}") = "InsertionSortPart1", "InsertionSortPart1\InsertionSortPart1.csproj", "{9F7FB159-A896-4F38-910C-4FCC6AC04AC4}"
EndProject
Global
	GlobalSection(SolutionConfigurationPlatforms) = preSolution
		Debug|Any CPU = Debug|Any CPU
		Release|Any CPU = Release|Any CPU
	EndGlobalSection
	GlobalSection(ProjectConfigurationPlatforms) = postSolution
		{9F7FB159-A896-4F38-910C-4FCC6AC04AC4}.Debug|Any CPU.ActiveCfg = Debug|Any CPU
		{9F7FB159-A896-4F38-910C-4FCC6AC04AC4}.Debug|Any CPU.Build.0 = Debug|Any CPU
		{9F7FB159-A896-4F38-910C-4FCC6AC04AC4}.Release|Any CPU.ActiveCfg = Release|Any CPU
		{9F7FB159-A896-4F38-910C-4FCC6AC04AC4}.Release|Any CPU.Build.0 = Release|Any CPU
	EndGlobalSection
	GlobalSection(SolutionProperties) = preSolution
		HideSolutionNode = FALSE
	EndGlobalSection
	GlobalSection(ExtensibilityGlobals) = postSolution
		SolutionGuid = {B7F069BC-B6E4-4FEF-B95B-7C7779B81D01}
	EndGlobalSection
EndGlobal
